
Microsoft Visual Studio Solution File, Format Version 12.00
# Visual Studio Version 17
VisualStudioVersion = 17.3.32901.215
MinimumVisualStudioVersion = 10.0.40219.1
Project("{FAE04EC0-301F-11D3-BF4B-00C04F79EFBC}") = "PK02", "PK02.csproj", "{1A364766-C052-4220-B020-09F648AF1899}"
EndProject
Global
	GlobalSection(SolutionConfigurationPlatforms) = preSolution
		Debug|Any CPU = Debug|Any CPU
		Release|Any CPU = Release|Any CPU
	EndGlobalSection
	GlobalSection(ProjectConfigurationPlatforms) = postSolution
		{1A364766-C052-4220-B020-09F648AF1899}.Debug|Any CPU.ActiveCfg = Debug|Any CPU
		{1A364766-C052-4220-B020-09F648AF1899}.Debug|Any CPU.Build.0 = Debug|Any CPU
		{1A364766-C052-4220-B020-09F648AF1899}.Release|Any CPU.ActiveCfg = Release|Any CPU
		{1A364766-C052-4220-B020-09F648AF1899}.Release|Any CPU.Build.0 = Release|Any CPU
	EndGlobalSection
	GlobalSection(SolutionProperties) = preSolution
		HideSolutionNode = FALSE
	EndGlobalSection
	GlobalSection(ExtensibilityGlobals) = postSolution
		SolutionGuid = {1A422DB9-9D17-41F0-AF09-82611F1015F4}
	EndGlobalSection
EndGlobal
